
Microsoft Visual Studio Solution File, Format Version 12.00
# Visual Studio 15
VisualStudioVersion = 15.0.27703.2035
MinimumVisualStudioVersion = 10.0.40219.1
Project("{8BC9CEB8-8B4A-11D0-8D11-00A0C91BC942}") = "homework_oop", "homework_oop\homework_oop.vcxproj", "{A24898A8-85BE-4BC3-8CA9-B6DFE4C2E1CF}"
EndProject
Global
	GlobalSection(SolutionConfigurationPlatforms) = preSolution
		Debug|x64 = Debug|x64
		Debug|x86 = Debug|x86
		Release|x64 = Release|x64
		Release|x86 = Release|x86
	EndGlobalSection
	GlobalSection(ProjectConfigurationPlatforms) = postSolution
		{A24898A8-85BE-4BC3-8CA9-B6DFE4C2E1CF}.Debug|x64.ActiveCfg = Debug|x64
		{A24898A8-85BE-4BC3-8CA9-B6DFE4C2E1CF}.Debug|x64.Build.0 = Debug|x64
		{A24898A8-85BE-4BC3-8CA9-B6DFE4C2E1CF}.Debug|x86.ActiveCfg = Debug|Win32
		{A24898A8-85BE-4BC3-8CA9-B6DFE4C2E1CF}.Debug|x86.Build.0 = Debug|Win32
		{A24898A8-85BE-4BC3-8CA9-B6DFE4C2E1CF}.Release|x64.ActiveCfg = Release|x64
		{A24898A8-85BE-4BC3-8CA9-B6DFE4C2E1CF}.Release|x64.Build.0 = Release|x64
		{A24898A8-85BE-4BC3-8CA9-B6DFE4C2E1CF}.Release|x86.ActiveCfg = Release|Win32
		{A24898A8-85BE-4BC3-8CA9-B6DFE4C2E1CF}.Release|x86.Build.0 = Release|Win32
	EndGlobalSection
	GlobalSection(SolutionProperties) = preSolution
		HideSolutionNode = FALSE
	EndGlobalSection
	GlobalSection(ExtensibilityGlobals) = postSolution
		SolutionGuid = {F3CDCA9E-5781-424A-9590-B6296EB58523}
	EndGlobalSection
EndGlobal
